// !$*UTF8*$!
{
	archiveVersion = 1;
	classes = {
	};
	objectVersion = 46;
	objects = {

/* Begin PBXBuildFile section */
		AB270BB316D8868C0035362D /* motionspectrum.png in Resources */ = {isa = PBXBuildFile; fileRef = AB270BB216D8868C0035362D /* motionspectrum.png */; };
		AB325C8F16CC071B00653AD3 /* UIKit.framework in Frameworks */ = {isa = PBXBuildFile; fileRef = AB325C8E16CC071B00653AD3 /* UIKit.framework */; };
		AB325C9116CC071B00653AD3 /* Foundation.framework in Frameworks */ = {isa = PBXBuildFile; fileRef = AB325C9016CC071B00653AD3 /* Foundation.framework */; };
		AB325C9316CC071B00653AD3 /* CoreGraphics.framework in Frameworks */ = {isa = PBXBuildFile; fileRef = AB325C9216CC071B00653AD3 /* CoreGraphics.framework */; };
		AB325C9916CC071B00653AD3 /* InfoPlist.strings in Resources */ = {isa = PBXBuildFile; fileRef = AB325C9716CC071B00653AD3 /* InfoPlist.strings */; };
		AB325C9B16CC071B00653AD3 /* main.m in Sources */ = {isa = PBXBuildFile; fileRef = AB325C9A16CC071B00653AD3 /* main.m */; };
		AB325C9F16CC071B00653AD3 /* AppDelegate.m in Sources */ = {isa = PBXBuildFile; fileRef = AB325C9E16CC071B00653AD3 /* AppDelegate.m */; };
		AB325CA116CC071B00653AD3 /* Default.png in Resources */ = {isa = PBXBuildFile; fileRef = AB325CA016CC071B00653AD3 /* Default.png */; };
		AB325CA316CC071B00653AD3 /* Default@2x.png in Resources */ = {isa = PBXBuildFile; fileRef = AB325CA216CC071B00653AD3 /* Default@2x.png */; };
		AB325CA516CC071B00653AD3 /* Default-568h@2x.png in Resources */ = {isa = PBXBuildFile; fileRef = AB325CA416CC071B00653AD3 /* Default-568h@2x.png */; };
		AB325CA816CC071B00653AD3 /* MainStoryboard_iPhone.storyboard in Resources */ = {isa = PBXBuildFile; fileRef = AB325CA616CC071B00653AD3 /* MainStoryboard_iPhone.storyboard */; };
		AB325CAB16CC071B00653AD3 /* MainStoryboard_iPad.storyboard in Resources */ = {isa = PBXBuildFile; fileRef = AB325CA916CC071B00653AD3 /* MainStoryboard_iPad.storyboard */; };
		AB325CAE16CC071B00653AD3 /* ViewController.m in Sources */ = {isa = PBXBuildFile; fileRef = AB325CAD16CC071B00653AD3 /* ViewController.m */; };
		AB325CB616CC071B00653AD3 /* SenTestingKit.framework in Frameworks */ = {isa = PBXBuildFile; fileRef = AB325CB516CC071B00653AD3 /* SenTestingKit.framework */; };
		AB325CB716CC071B00653AD3 /* UIKit.framework in Frameworks */ = {isa = PBXBuildFile; fileRef = AB325C8E16CC071B00653AD3 /* UIKit.framework */; };
		AB325CB816CC071B00653AD3 /* Foundation.framework in Frameworks */ = {isa = PBXBuildFile; fileRef = AB325C9016CC071B00653AD3 /* Foundation.framework */; };
		AB325CC016CC071B00653AD3 /* InfoPlist.strings in Resources */ = {isa = PBXBuildFile; fileRef = AB325CBE16CC071B00653AD3 /* InfoPlist.strings */; };
		AB325CC316CC071B00653AD3 /* ClaraBellTests.m in Sources */ = {isa = PBXBuildFile; fileRef = AB325CC216CC071B00653AD3 /* ClaraBellTests.m */; };
		AB325CCD16CC930D00653AD3 /* QuartzCore.framework in Frameworks */ = {isa = PBXBuildFile; fileRef = AB325CCC16CC930D00653AD3 /* QuartzCore.framework */; };
		AB325CCF16CCA9BF00653AD3 /* arrow0.png in Resources */ = {isa = PBXBuildFile; fileRef = AB325CCE16CCA9BF00653AD3 /* arrow0.png */; };
		AB325CD116CCAD9000653AD3 /* icon.jpg in Resources */ = {isa = PBXBuildFile; fileRef = AB325CD016CCAD8F00653AD3 /* icon.jpg */; };
		AB325CD316CCAF3D00653AD3 /* icon.png in Resources */ = {isa = PBXBuildFile; fileRef = AB325CD216CCAF3D00653AD3 /* icon.png */; };
		AB325CD516CCAF7400653AD3 /* iconsmall.png in Resources */ = {isa = PBXBuildFile; fileRef = AB325CD416CCAF7400653AD3 /* iconsmall.png */; };
		AB922F4616CEE99300845E85 /* ISight_Logo.png in Resources */ = {isa = PBXBuildFile; fileRef = AB922F4516CEE99300845E85 /* ISight_Logo.png */; };
		AB922F4816CF254300845E85 /* target.png in Resources */ = {isa = PBXBuildFile; fileRef = AB922F4716CF254300845E85 /* target.png */; };
		AB922F4A16D05C8B00845E85 /* motiongrid.png in Resources */ = {isa = PBXBuildFile; fileRef = AB922F4916D05C8B00845E85 /* motiongrid.png */; };
		AB922F4F16D19B5E00845E85 /* MotorControlView.m in Sources */ = {isa = PBXBuildFile; fileRef = AB922F4E16D19B5E00845E85 /* MotorControlView.m */; };
		AB922F5216D1FED600845E85 /* ClaraBell.c in Sources */ = {isa = PBXBuildFile; fileRef = AB922F5116D1FED600845E85 /* ClaraBell.c */; };
/* End PBXBuildFile section */

/* Begin PBXContainerItemProxy section */
		AB325CB916CC071B00653AD3 /* PBXContainerItemProxy */ = {
			isa = PBXContainerItemProxy;
			containerPortal = AB325C8116CC071B00653AD3 /* Project object */;
			proxyType = 1;
			remoteGlobalIDString = AB325C8916CC071B00653AD3;
			remoteInfo = ClaraBell;
		};
/* End PBXContainerItemProxy section */

/* Begin PBXFileReference section */
		AB270BB216D8868C0035362D /* motionspectrum.png */ = {isa = PBXFileReference; lastKnownFileType = image.png; path = motionspectrum.png; sourceTree = SOURCE_ROOT; };
		AB325C8A16CC071B00653AD3 /* ClaraBell.app */ = {isa = PBXFileReference; explicitFileType = wrapper.application; includeInIndex = 0; path = ClaraBell.app; sourceTree = BUILT_PRODUCTS_DIR; };
		AB325C8E16CC071B00653AD3 /* UIKit.framework */ = {isa = PBXFileReference; lastKnownFileType = wrapper.framework; name = UIKit.framework; path = System/Library/Frameworks/UIKit.framework; sourceTree = SDKROOT; };
		AB325C9016CC071B00653AD3 /* Foundation.framework */ = {isa = PBXFileReference; lastKnownFileType = wrapper.framework; name = Foundation.framework; path = System/Library/Frameworks/Foundation.framework; sourceTree = SDKROOT; };
		AB325C9216CC071B00653AD3 /* CoreGraphics.framework */ = {isa = PBXFileReference; lastKnownFileType = wrapper.framework; name = CoreGraphics.framework; path = System/Library/Frameworks/CoreGraphics.framework; sourceTree = SDKROOT; };
		AB325C9616CC071B00653AD3 /* ClaraBell-Info.plist */ = {isa = PBXFileReference; lastKnownFileType = text.plist.xml; path = "ClaraBell-Info.plist"; sourceTree = "<group>"; };
		AB325C9816CC071B00653AD3 /* en */ = {isa = PBXFileReference; lastKnownFileType = text.plist.strings; name = en; path = en.lproj/InfoPlist.strings; sourceTree = "<group>"; };
		AB325C9A16CC071B00653AD3 /* main.m */ = {isa = PBXFileReference; lastKnownFileType = sourcecode.c.objc; path = main.m; sourceTree = "<group>"; };
		AB325C9C16CC071B00653AD3 /* ClaraBell-Prefix.pch */ = {isa = PBXFileReference; lastKnownFileType = sourcecode.c.h; path = "ClaraBell-Prefix.pch"; sourceTree = "<group>"; };
		AB325C9D16CC071B00653AD3 /* AppDelegate.h */ = {isa = PBXFileReference; lastKnownFileType = sourcecode.c.h; path = AppDelegate.h; sourceTree = "<group>"; };
		AB325C9E16CC071B00653AD3 /* AppDelegate.m */ = {isa = PBXFileReference; lastKnownFileType = sourcecode.c.objc; path = AppDelegate.m; sourceTree = "<group>"; };
		AB325CA016CC071B00653AD3 /* Default.png */ = {isa = PBXFileReference; lastKnownFileType = image.png; path = Default.png; sourceTree = "<group>"; };
		AB325CA216CC071B00653AD3 /* Default@2x.png */ = {isa = PBXFileReference; lastKnownFileType = image.png; path = "Default@2x.png"; sourceTree = "<group>"; };
		AB325CA416CC071B00653AD3 /* Default-568h@2x.png */ = {isa = PBXFileReference; lastKnownFileType = image.png; path = "Default-568h@2x.png"; sourceTree = "<group>"; };
		AB325CA716CC071B00653AD3 /* en */ = {isa = PBXFileReference; lastKnownFileType = file.storyboard; name = en; path = en.lproj/MainStoryboard_iPhone.storyboard; sourceTree = "<group>"; };
		AB325CAA16CC071B00653AD3 /* en */ = {isa = PBXFileReference; lastKnownFileType = file.storyboard; name = en; path = en.lproj/MainStoryboard_iPad.storyboard; sourceTree = "<group>"; };
		AB325CAC16CC071B00653AD3 /* ViewController.h */ = {isa = PBXFileReference; lastKnownFileType = sourcecode.c.h; path = ViewController.h; sourceTree = "<group>"; };
		AB325CAD16CC071B00653AD3 /* ViewController.m */ = {isa = PBXFileReference; lastKnownFileType = sourcecode.c.objc; path = ViewController.m; sourceTree = "<group>"; };
		AB325CB416CC071B00653AD3 /* ClaraBellTests.octest */ = {isa = PBXFileReference; explicitFileType = wrapper.cfbundle; includeInIndex = 0; path = ClaraBellTests.octest; sourceTree = BUILT_PRODUCTS_DIR; };
		AB325CB516CC071B00653AD3 /* SenTestingKit.framework */ = {isa = PBXFileReference; lastKnownFileType = wrapper.framework; name = SenTestingKit.framework; path = Library/Frameworks/SenTestingKit.framework; sourceTree = DEVELOPER_DIR; };
		AB325CBD16CC071B00653AD3 /* ClaraBellTests-Info.plist */ = {isa = PBXFileReference; lastKnownFileType = text.plist.xml; path = "ClaraBellTests-Info.plist"; sourceTree = "<group>"; };
		AB325CBF16CC071B00653AD3 /* en */ = {isa = PBXFileReference; lastKnownFileType = text.plist.strings; name = en; path = en.lproj/InfoPlist.strings; sourceTree = "<group>"; };
		AB325CC116CC071B00653AD3 /* ClaraBellTests.h */ = {isa = PBXFileReference; lastKnownFileType = sourcecode.c.h; path = ClaraBellTests.h; sourceTree = "<group>"; };
		AB325CC216CC071B00653AD3 /* ClaraBellTests.m */ = {isa = PBXFileReference; lastKnownFileType = sourcecode.c.objc; path = ClaraBellTests.m; sourceTree = "<group>"; };
		AB325CCC16CC930D00653AD3 /* QuartzCore.framework */ = {isa = PBXFileReference; lastKnownFileType = wrapper.framework; name = QuartzCore.framework; path = System/Library/Frameworks/QuartzCore.framework; sourceTree = SDKROOT; };
		AB325CCE16CCA9BF00653AD3 /* arrow0.png */ = {isa = PBXFileReference; lastKnownFileType = image.png; path = arrow0.png; sourceTree = "<group>"; };
		AB325CD016CCAD8F00653AD3 /* icon.jpg */ = {isa = PBXFileReference; lastKnownFileType = image.jpeg; path = icon.jpg; sourceTree = "<group>"; };
		AB325CD216CCAF3D00653AD3 /* icon.png */ = {isa = PBXFileReference; lastKnownFileType = image.png; path = icon.png; sourceTree = "<group>"; };
		AB325CD416CCAF7400653AD3 /* iconsmall.png */ = {isa = PBXFileReference; lastKnownFileType = image.png; path = iconsmall.png; sourceTree = "<group>"; };
		AB922F4516CEE99300845E85 /* ISight_Logo.png */ = {isa = PBXFileReference; lastKnownFileType = image.png; path = ISight_Logo.png; sourceTree = SOURCE_ROOT; };
		AB922F4716CF254300845E85 /* target.png */ = {isa = PBXFileReference; lastKnownFileType = image.png; path = target.png; sourceTree = SOURCE_ROOT; };
		AB922F4916D05C8B00845E85 /* motiongrid.png */ = {isa = PBXFileReference; lastKnownFileType = image.png; path = motiongrid.png; sourceTree = SOURCE_ROOT; };
		AB922F4D16D19B5E00845E85 /* MotorControlView.h */ = {isa = PBXFileReference; fileEncoding = 4; lastKnownFileType = sourcecode.c.h; path = MotorControlView.h; sourceTree = "<group>"; };
		AB922F4E16D19B5E00845E85 /* MotorControlView.m */ = {isa = PBXFileReference; fileEncoding = 4; lastKnownFileType = sourcecode.c.objc; path = MotorControlView.m; sourceTree = "<group>"; };
		AB922F5016D1E1DA00845E85 /* ClaraBell.h */ = {isa = PBXFileReference; lastKnownFileType = sourcecode.c.h; path = ClaraBell.h; sourceTree = SOURCE_ROOT; };
		AB922F5116D1FED600845E85 /* ClaraBell.c */ = {isa = PBXFileReference; fileEncoding = 4; lastKnownFileType = sourcecode.c.c; path = ClaraBell.c; sourceTree = SOURCE_ROOT; };
/* End PBXFileReference section */

/* Begin PBXFrameworksBuildPhase section */
		AB325C8716CC071B00653AD3 /* Frameworks */ = {
			isa = PBXFrameworksBuildPhase;
			buildActionMask = 2147483647;
			files = (
				AB325CCD16CC930D00653AD3 /* QuartzCore.framework in Frameworks */,
				AB325C8F16CC071B00653AD3 /* UIKit.framework in Frameworks */,
				AB325C9116CC071B00653AD3 /* Foundation.framework in Frameworks */,
				AB325C9316CC071B00653AD3 /* CoreGraphics.framework in Frameworks */,
			);
			runOnlyForDeploymentPostprocessing = 0;
		};
		AB325CB016CC071B00653AD3 /* Frameworks */ = {
			isa = PBXFrameworksBuildPhase;
			buildActionMask = 2147483647;
			files = (
				AB325CB616CC071B00653AD3 /* SenTestingKit.framework in Frameworks */,
				AB325CB716CC071B00653AD3 /* UIKit.framework in Frameworks */,
				AB325CB816CC071B00653AD3 /* Foundation.framework in Frameworks */,
			);
			runOnlyForDeploymentPostprocessing = 0;
		};
/* End PBXFrameworksBuildPhase section */

/* Begin PBXGroup section */
		AB325C7F16CC071B00653AD3 = {
			isa = PBXGroup;
			children = (
				AB325CD416CCAF7400653AD3 /* iconsmall.png */,
				AB325CD216CCAF3D00653AD3 /* icon.png */,
				AB325CCC16CC930D00653AD3 /* QuartzCore.framework */,
				AB325C9416CC071B00653AD3 /* ClaraBell */,
				AB325CBB16CC071B00653AD3 /* ClaraBellTests */,
				AB325C8D16CC071B00653AD3 /* Frameworks */,
				AB325C8B16CC071B00653AD3 /* Products */,
			);
			sourceTree = "<group>";
		};
		AB325C8B16CC071B00653AD3 /* Products */ = {
			isa = PBXGroup;
			children = (
				AB325C8A16CC071B00653AD3 /* ClaraBell.app */,
				AB325CB416CC071B00653AD3 /* ClaraBellTests.octest */,
			);
			name = Products;
			sourceTree = "<group>";
		};
		AB325C8D16CC071B00653AD3 /* Frameworks */ = {
			isa = PBXGroup;
			children = (
				AB325C8E16CC071B00653AD3 /* UIKit.framework */,
				AB325C9016CC071B00653AD3 /* Foundation.framework */,
				AB325C9216CC071B00653AD3 /* CoreGraphics.framework */,
				AB325CB516CC071B00653AD3 /* SenTestingKit.framework */,
			);
			name = Frameworks;
			sourceTree = "<group>";
		};
		AB325C9416CC071B00653AD3 /* ClaraBell */ = {
			isa = PBXGroup;
			children = (
				AB325C9D16CC071B00653AD3 /* AppDelegate.h */,
				AB325C9E16CC071B00653AD3 /* AppDelegate.m */,
				AB325CA616CC071B00653AD3 /* MainStoryboard_iPhone.storyboard */,
				AB325CA916CC071B00653AD3 /* MainStoryboard_iPad.storyboard */,
				AB922F4916D05C8B00845E85 /* motiongrid.png */,
				AB922F4716CF254300845E85 /* target.png */,
				AB922F4516CEE99300845E85 /* ISight_Logo.png */,
				AB325CD016CCAD8F00653AD3 /* icon.jpg */,
				AB325CCE16CCA9BF00653AD3 /* arrow0.png */,
				AB922F5116D1FED600845E85 /* ClaraBell.c */,
				AB270BB216D8868C0035362D /* motionspectrum.png */,
				AB922F5016D1E1DA00845E85 /* ClaraBell.h */,
				AB325CAC16CC071B00653AD3 /* ViewController.h */,
				AB325CAD16CC071B00653AD3 /* ViewController.m */,
				AB922F4D16D19B5E00845E85 /* MotorControlView.h */,
				AB922F4E16D19B5E00845E85 /* MotorControlView.m */,
				AB325C9516CC071B00653AD3 /* Supporting Files */,
			);
			path = ClaraBell;
			sourceTree = "<group>";
		};
		AB325C9516CC071B00653AD3 /* Supporting Files */ = {
			isa = PBXGroup;
			children = (
				AB325C9616CC071B00653AD3 /* ClaraBell-Info.plist */,
				AB325C9716CC071B00653AD3 /* InfoPlist.strings */,
				AB325C9A16CC071B00653AD3 /* main.m */,
				AB325C9C16CC071B00653AD3 /* ClaraBell-Prefix.pch */,
				AB325CA016CC071B00653AD3 /* Default.png */,
				AB325CA216CC071B00653AD3 /* Default@2x.png */,
				AB325CA416CC071B00653AD3 /* Default-568h@2x.png */,
			);
			name = "Supporting Files";
			sourceTree = "<group>";
		};
		AB325CBB16CC071B00653AD3 /* ClaraBellTests */ = {
			isa = PBXGroup;
			children = (
				AB325CC116CC071B00653AD3 /* ClaraBellTests.h */,
				AB325CC216CC071B00653AD3 /* ClaraBellTests.m */,
				AB325CBC16CC071B00653AD3 /* Supporting Files */,
			);
			path = ClaraBellTests;
			sourceTree = "<group>";
		};
		AB325CBC16CC071B00653AD3 /* Supporting Files */ = {
			isa = PBXGroup;
			children = (
				AB325CBD16CC071B00653AD3 /* ClaraBellTests-Info.plist */,
				AB325CBE16CC071B00653AD3 /* InfoPlist.strings */,
			);
			name = "Supporting Files";
			sourceTree = "<group>";
		};
/* End PBXGroup section */

/* Begin PBXNativeTarget section */
		AB325C8916CC071B00653AD3 /* ClaraBell */ = {
			isa = PBXNativeTarget;
			buildConfigurationList = AB325CC616CC071B00653AD3 /* Build configuration list for PBXNativeTarget "ClaraBell" */;
			buildPhases = (
				AB325C8616CC071B00653AD3 /* Sources */,
				AB325C8716CC071B00653AD3 /* Frameworks */,
				AB325C8816CC071B00653AD3 /* Resources */,
			);
			buildRules = (
			);
			dependencies = (
			);
			name = ClaraBell;
			productName = ClaraBell;
			productReference = AB325C8A16CC071B00653AD3 /* ClaraBell.app */;
			productType = "com.apple.product-type.application";
		};
		AB325CB316CC071B00653AD3 /* ClaraBellTests */ = {
			isa = PBXNativeTarget;
			buildConfigurationList = AB325CC916CC071B00653AD3 /* Build configuration list for PBXNativeTarget "ClaraBellTests" */;
			buildPhases = (
				AB325CAF16CC071B00653AD3 /* Sources */,
				AB325CB016CC071B00653AD3 /* Frameworks */,
				AB325CB116CC071B00653AD3 /* Resources */,
				AB325CB216CC071B00653AD3 /* ShellScript */,
			);
			buildRules = (
			);
			dependencies = (
				AB325CBA16CC071B00653AD3 /* PBXTargetDependency */,
			);
			name = ClaraBellTests;
			productName = ClaraBellTests;
			productReference = AB325CB416CC071B00653AD3 /* ClaraBellTests.octest */;
			productType = "com.apple.product-type.bundle";
		};
/* End PBXNativeTarget section */

/* Begin PBXProject section */
		AB325C8116CC071B00653AD3 /* Project object */ = {
			isa = PBXProject;
			attributes = {
				LastUpgradeCheck = 0450;
				ORGANIZATIONNAME = "Jonathan Appavoo";
			};
			buildConfigurationList = AB325C8416CC071B00653AD3 /* Build configuration list for PBXProject "ClaraBell" */;
			compatibilityVersion = "Xcode 3.2";
			developmentRegion = English;
			hasScannedForEncodings = 0;
			knownRegions = (
				en,
			);
			mainGroup = AB325C7F16CC071B00653AD3;
			productRefGroup = AB325C8B16CC071B00653AD3 /* Products */;
			projectDirPath = "";
			projectRoot = "";
			targets = (
				AB325C8916CC071B00653AD3 /* ClaraBell */,
				AB325CB316CC071B00653AD3 /* ClaraBellTests */,
			);
		};
/* End PBXProject section */

/* Begin PBXResourcesBuildPhase section */
		AB325C8816CC071B00653AD3 /* Resources */ = {
			isa = PBXResourcesBuildPhase;
			buildActionMask = 2147483647;
			files = (
				AB325C9916CC071B00653AD3 /* InfoPlist.strings in Resources */,
				AB325CA116CC071B00653AD3 /* Default.png in Resources */,
				AB325CA316CC071B00653AD3 /* Default@2x.png in Resources */,
				AB325CA516CC071B00653AD3 /* Default-568h@2x.png in Resources */,
				AB325CA816CC071B00653AD3 /* MainStoryboard_iPhone.storyboard in Resources */,
				AB325CAB16CC071B00653AD3 /* MainStoryboard_iPad.storyboard in Resources */,
				AB325CCF16CCA9BF00653AD3 /* arrow0.png in Resources */,
				AB325CD116CCAD9000653AD3 /* icon.jpg in Resources */,
				AB325CD316CCAF3D00653AD3 /* icon.png in Resources */,
				AB325CD516CCAF7400653AD3 /* iconsmall.png in Resources */,
				AB922F4616CEE99300845E85 /* ISight_Logo.png in Resources */,
				AB922F4816CF254300845E85 /* target.png in Resources */,
				AB922F4A16D05C8B00845E85 /* motiongrid.png in Resources */,
				AB270BB316D8868C0035362D /* motionspectrum.png in Resources */,
			);
			runOnlyForDeploymentPostprocessing = 0;
		};
		AB325CB116CC071B00653AD3 /* Resources */ = {
			isa = PBXResourcesBuildPhase;
			buildActionMask = 2147483647;
			files = (
				AB325CC016CC071B00653AD3 /* InfoPlist.strings in Resources */,
			);
			runOnlyForDeploymentPostprocessing = 0;
		};
/* End PBXResourcesBuildPhase section */

/* Begin PBXShellScriptBuildPhase section */
		AB325CB216CC071B00653AD3 /* ShellScript */ = {
			isa = PBXShellScriptBuildPhase;
			buildActionMask = 2147483647;
			files = (
			);
			inputPaths = (
			);
			outputPaths = (
			);
			runOnlyForDeploymentPostprocessing = 0;
			shellPath = /bin/sh;
			shellScript = "# Run the unit tests in this test bundle.\n\"${SYSTEM_DEVELOPER_DIR}/Tools/RunUnitTests\"\n";
		};
/* End PBXShellScriptBuildPhase section */

/* Begin PBXSourcesBuildPhase section */
		AB325C8616CC071B00653AD3 /* Sources */ = {
			isa = PBXSourcesBuildPhase;
			buildActionMask = 2147483647;
			files = (
				AB325C9B16CC071B00653AD3 /* main.m in Sources */,
				AB325C9F16CC071B00653AD3 /* AppDelegate.m in Sources */,
				AB325CAE16CC071B00653AD3 /* ViewController.m in Sources */,
				AB922F4F16D19B5E00845E85 /* MotorControlView.m in Sources */,
				AB922F5216D1FED600845E85 /* ClaraBell.c in Sources */,
			);
			runOnlyForDeploymentPostprocessing = 0;
		};
		AB325CAF16CC071B00653AD3 /* Sources */ = {
			isa = PBXSourcesBuildPhase;
			buildActionMask = 2147483647;
			files = (
				AB325CC316CC071B00653AD3 /* ClaraBellTests.m in Sources */,
			);
			runOnlyForDeploymentPostprocessing = 0;
		};
/* End PBXSourcesBuildPhase section */

/* Begin PBXTargetDependency section */
		AB325CBA16CC071B00653AD3 /* PBXTargetDependency */ = {
			isa = PBXTargetDependency;
			target = AB325C8916CC071B00653AD3 /* ClaraBell */;
			targetProxy = AB325CB916CC071B00653AD3 /* PBXContainerItemProxy */;
		};
/* End PBXTargetDependency section */

/* Begin PBXVariantGroup section */
		AB325C9716CC071B00653AD3 /* InfoPlist.strings */ = {
			isa = PBXVariantGroup;
			children = (
				AB325C9816CC071B00653AD3 /* en */,
			);
			name = InfoPlist.strings;
			sourceTree = "<group>";
		};
		AB325CA616CC071B00653AD3 /* MainStoryboard_iPhone.storyboard */ = {
			isa = PBXVariantGroup;
			children = (
				AB325CA716CC071B00653AD3 /* en */,
			);
			name = MainStoryboard_iPhone.storyboard;
			sourceTree = "<group>";
		};
		AB325CA916CC071B00653AD3 /* MainStoryboard_iPad.storyboard */ = {
			isa = PBXVariantGroup;
			children = (
				AB325CAA16CC071B00653AD3 /* en */,
			);
			name = MainStoryboard_iPad.storyboard;
			sourceTree = "<group>";
		};
		AB325CBE16CC071B00653AD3 /* InfoPlist.strings */ = {
			isa = PBXVariantGroup;
			children = (
				AB325CBF16CC071B00653AD3 /* en */,
			);
			name = InfoPlist.strings;
			sourceTree = "<group>";
		};
/* End PBXVariantGroup section */

/* Begin XCBuildConfiguration section */
		AB325CC416CC071B00653AD3 /* Debug */ = {
			isa = XCBuildConfiguration;
			buildSettings = {
				ALWAYS_SEARCH_USER_PATHS = NO;
				CLANG_CXX_LANGUAGE_STANDARD = "gnu++0x";
				CLANG_CXX_LIBRARY = "libc++";
				CLANG_ENABLE_OBJC_ARC = YES;
				CLANG_WARN_EMPTY_BODY = YES;
				CLANG_WARN__DUPLICATE_METHOD_MATCH = YES;
				"CODE_SIGN_IDENTITY[sdk=iphoneos*]" = "iPhone Developer";
				COPY_PHASE_STRIP = NO;
				GCC_C_LANGUAGE_STANDARD = gnu99;
				GCC_DYNAMIC_NO_PIC = NO;
				GCC_OPTIMIZATION_LEVEL = 0;
				GCC_PREPROCESSOR_DEFINITIONS = (
					"DEBUG=1",
					"$(inherited)",
				);
				GCC_SYMBOLS_PRIVATE_EXTERN = NO;
				GCC_WARN_ABOUT_RETURN_TYPE = YES;
				GCC_WARN_UNINITIALIZED_AUTOS = YES;
				GCC_WARN_UNUSED_VARIABLE = YES;
				IPHONEOS_DEPLOYMENT_TARGET = 6.0;
				ONLY_ACTIVE_ARCH = YES;
				SDKROOT = iphoneos;
				TARGETED_DEVICE_FAMILY = "1,2";
			};
			name = Debug;
		};
		AB325CC516CC071B00653AD3 /* Release */ = {
			isa = XCBuildConfiguration;
			buildSettings = {
				ALWAYS_SEARCH_USER_PATHS = NO;
				CLANG_CXX_LANGUAGE_STANDARD = "gnu++0x";
				CLANG_CXX_LIBRARY = "libc++";
				CLANG_ENABLE_OBJC_ARC = YES;
				CLANG_WARN_EMPTY_BODY = YES;
				CLANG_WARN__DUPLICATE_METHOD_MATCH = YES;
				"CODE_SIGN_IDENTITY[sdk=iphoneos*]" = "iPhone Developer";
				COPY_PHASE_STRIP = YES;
				GCC_C_LANGUAGE_STANDARD = gnu99;
				GCC_WARN_ABOUT_RETURN_TYPE = YES;
				GCC_WARN_UNINITIALIZED_AUTOS = YES;
				GCC_WARN_UNUSED_VARIABLE = YES;
				IPHONEOS_DEPLOYMENT_TARGET = 6.0;
				OTHER_CFLAGS = "-DNS_BLOCK_ASSERTIONS=1";
				SDKROOT = iphoneos;
				TARGETED_DEVICE_FAMILY = "1,2";
				VALIDATE_PRODUCT = YES;
			};
			name = Release;
		};
		AB325CC716CC071B00653AD3 /* Debug */ = {
			isa = XCBuildConfiguration;
			buildSettings = {
				"CODE_SIGN_ENTITLEMENTS[sdk=*]" = "";
				CODE_SIGN_IDENTITY = "iPhone Developer: Jonathan Appavoo (LJ3776LMRE)";
				GCC_PRECOMPILE_PREFIX_HEADER = YES;
				GCC_PREFIX_HEADER = "ClaraBell/ClaraBell-Prefix.pch";
				INFOPLIST_FILE = "ClaraBell/ClaraBell-Info.plist";
				PRODUCT_NAME = "$(TARGET_NAME)";
				PROVISIONING_PROFILE = "";
				WRAPPER_EXTENSION = app;
			};
			name = Debug;
		};
		AB325CC816CC071B00653AD3 /* Release */ = {
			isa = XCBuildConfiguration;
			buildSettings = {
				CODE_SIGN_IDENTITY = "iPhone Developer: Jonathan Appavoo (LJ3776LMRE)";
				GCC_PRECOMPILE_PREFIX_HEADER = YES;
				GCC_PREFIX_HEADER = "ClaraBell/ClaraBell-Prefix.pch";
				INFOPLIST_FILE = "ClaraBell/ClaraBell-Info.plist";
				PRODUCT_NAME = "$(TARGET_NAME)";
				PROVISIONING_PROFILE = "";
				WRAPPER_EXTENSION = app;
			};
			name = Release;
		};
		AB325CCA16CC071B00653AD3 /* Debug */ = {
			isa = XCBuildConfiguration;
			buildSettings = {
				BUNDLE_LOADER = "$(BUILT_PRODUCTS_DIR)/ClaraBell.app/ClaraBell";
				FRAMEWORK_SEARCH_PATHS = (
					"\"$(SDKROOT)/Developer/Library/Frameworks\"",
					"\"$(DEVELOPER_LIBRARY_DIR)/Frameworks\"",
				);
				GCC_PRECOMPILE_PREFIX_HEADER = YES;
				GCC_PREFIX_HEADER = "ClaraBell/ClaraBell-Prefix.pch";
				INFOPLIST_FILE = "ClaraBellTests/ClaraBellTests-Info.plist";
				PRODUCT_NAME = "$(TARGET_NAME)";
				TEST_HOST = "$(BUNDLE_LOADER)";
				WRAPPER_EXTENSION = octest;
			};
			name = Debug;
		};
		AB325CCB16CC071B00653AD3 /* Release */ = {
			isa = XCBuildConfiguration;
			buildSettings = {
				BUNDLE_LOADER = "$(BUILT_PRODUCTS_DIR)/ClaraBell.app/ClaraBell";
				FRAMEWORK_SEARCH_PATHS = (
					"\"$(SDKROOT)/Developer/Library/Frameworks\"",
					"\"$(DEVELOPER_LIBRARY_DIR)/Frameworks\"",
				);
				GCC_PRECOMPILE_PREFIX_HEADER = YES;
				GCC_PREFIX_HEADER = "ClaraBell/ClaraBell-Prefix.pch";
				INFOPLIST_FILE = "ClaraBellTests/ClaraBellTests-Info.plist";
				PRODUCT_NAME = "$(TARGET_NAME)";
				TEST_HOST = "$(BUNDLE_LOADER)";
				WRAPPER_EXTENSION = octest;
			};
			name = Release;
		};
/* End XCBuildConfiguration section */

/* Begin XCConfigurationList section */
		AB325C8416CC071B00653AD3 /* Build configuration list for PBXProject "ClaraBell" */ = {
			isa = XCConfigurationList;
			buildConfigurations = (
				AB325CC416CC071B00653AD3 /* Debug */,
				AB325CC516CC071B00653AD3 /* Release */,
			);
			defaultConfigurationIsVisible = 0;
			defaultConfigurationName = Release;
		};
		AB325CC616CC071B00653AD3 /* Build configuration list for PBXNativeTarget "ClaraBell" */ = {
			isa = XCConfigurationList;
			buildConfigurations = (
				AB325CC716CC071B00653AD3 /* Debug */,
				AB325CC816CC071B00653AD3 /* Release */,
			);
			defaultConfigurationIsVisible = 0;
			defaultConfigurationName = Release;
		};
		AB325CC916CC071B00653AD3 /* Build configuration list for PBXNativeTarget "ClaraBellTests" */ = {
			isa = XCConfigurationList;
			buildConfigurations = (
				AB325CCA16CC071B00653AD3 /* Debug */,
				AB325CCB16CC071B00653AD3 /* Release */,
			);
			defaultConfigurationIsVisible = 0;
			defaultConfigurationName = Release;
		};
/* End XCConfigurationList section */
	};
	rootObject = AB325C8116CC071B00653AD3 /* Project object */;
}
